
Microsoft Visual Studio Solution File, Format Version 12.00
# Visual Studio Version 16
VisualStudioVersion = 16.0.29519.87
MinimumVisualStudioVersion = 10.0.40219.1
Project("{FAE04EC0-301F-11D3-BF4B-00C04F79EFBC}") = "SoloServ2", "SoloServ2\SoloServ2.csproj", "{24C15DFB-5BFF-4F4A-8106-05F9151C1FCB}"
EndProject
Global
	GlobalSection(SolutionConfigurationPlatforms) = preSolution
		Debug|Any CPU = Debug|Any CPU
		Release|Any CPU = Release|Any CPU
	EndGlobalSection
	GlobalSection(ProjectConfigurationPlatforms) = postSolution
		{24C15DFB-5BFF-4F4A-8106-05F9151C1FCB}.Debug|Any CPU.ActiveCfg = Debug|Any CPU
		{24C15DFB-5BFF-4F4A-8106-05F9151C1FCB}.Debug|Any CPU.Build.0 = Debug|Any CPU
		{24C15DFB-5BFF-4F4A-8106-05F9151C1FCB}.Release|Any CPU.ActiveCfg = Release|Any CPU
		{24C15DFB-5BFF-4F4A-8106-05F9151C1FCB}.Release|Any CPU.Build.0 = Release|Any CPU
	EndGlobalSection
	GlobalSection(SolutionProperties) = preSolution
		HideSolutionNode = FALSE
	EndGlobalSection
	GlobalSection(ExtensibilityGlobals) = postSolution
		SolutionGuid = {41CDC563-7C54-402A-88D0-D740A36B0F2C}
	EndGlobalSection
EndGlobal
